
Microsoft Visual Studio Solution File, Format Version 12.00
# Visual Studio Version 16
VisualStudioVersion = 16.0.30611.23
MinimumVisualStudioVersion = 10.0.40219.1
Project("{FAE04EC0-301F-11D3-BF4B-00C04F79EFBC}") = "BrowserFixed", "BrowserFixed\BrowserFixed.csproj", "{688EF5D9-B4EA-42CB-BD6F-97F6F32FE0D4}"
EndProject
Global
	GlobalSection(SolutionConfigurationPlatforms) = preSolution
		Debug|Any CPU = Debug|Any CPU
		Release|Any CPU = Release|Any CPU
	EndGlobalSection
	GlobalSection(ProjectConfigurationPlatforms) = postSolution
		{688EF5D9-B4EA-42CB-BD6F-97F6F32FE0D4}.Debug|Any CPU.ActiveCfg = Debug|Any CPU
		{688EF5D9-B4EA-42CB-BD6F-97F6F32FE0D4}.Debug|Any CPU.Build.0 = Debug|Any CPU
		{688EF5D9-B4EA-42CB-BD6F-97F6F32FE0D4}.Release|Any CPU.ActiveCfg = Release|Any CPU
		{688EF5D9-B4EA-42CB-BD6F-97F6F32FE0D4}.Release|Any CPU.Build.0 = Release|Any CPU
	EndGlobalSection
	GlobalSection(SolutionProperties) = preSolution
		HideSolutionNode = FALSE
	EndGlobalSection
	GlobalSection(ExtensibilityGlobals) = postSolution
		SolutionGuid = {F18FCD89-4046-4B63-9CE8-93D3EA2C7F8A}
	EndGlobalSection
EndGlobal
